// !$*UTF8*$!
{
	archiveVersion = 1;
	classes = {
	};
	objectVersion = 50;
	objects = {

/* Begin PBXBuildFile section */
		90141D6326F65F960096F5BC /* InicioViewController.swift in Sources */ = {isa = PBXBuildFile; fileRef = 90141D6126F65F960096F5BC /* InicioViewController.swift */; };
		90141D6426F65F960096F5BC /* InicioViewController.xib in Resources */ = {isa = PBXBuildFile; fileRef = 90141D6226F65F960096F5BC /* InicioViewController.xib */; };
		90141D6926F67C2A0096F5BC /* RespostasCell.swift in Sources */ = {isa = PBXBuildFile; fileRef = 90141D6726F67C2A0096F5BC /* RespostasCell.swift */; };
		90141D6A26F67C2A0096F5BC /* RespostasCell.xib in Resources */ = {isa = PBXBuildFile; fileRef = 90141D6826F67C2A0096F5BC /* RespostasCell.xib */; };
		90141D6D26F680100096F5BC /* QuestionModel.swift in Sources */ = {isa = PBXBuildFile; fileRef = 90141D6C26F680100096F5BC /* QuestionModel.swift */; };
		90347D2826F58D5600B09138 /* AppDelegate.swift in Sources */ = {isa = PBXBuildFile; fileRef = 90347D2726F58D5600B09138 /* AppDelegate.swift */; };
		90347D2F26F58D5600B09138 /* Main.storyboard in Resources */ = {isa = PBXBuildFile; fileRef = 90347D2D26F58D5600B09138 /* Main.storyboard */; };
		90347D3226F58D5600B09138 /* perguntasRespostas.xcdatamodeld in Sources */ = {isa = PBXBuildFile; fileRef = 90347D3026F58D5600B09138 /* perguntasRespostas.xcdatamodeld */; };
		90347D3426F58D5E00B09138 /* Assets.xcassets in Resources */ = {isa = PBXBuildFile; fileRef = 90347D3326F58D5E00B09138 /* Assets.xcassets */; };
		90347D3726F58D5E00B09138 /* LaunchScreen.storyboard in Resources */ = {isa = PBXBuildFile; fileRef = 90347D3526F58D5E00B09138 /* LaunchScreen.storyboard */; };
		90347D4626F5965800B09138 /* QuestionsViewController.swift in Sources */ = {isa = PBXBuildFile; fileRef = 90347D4426F5965800B09138 /* QuestionsViewController.swift */; };
		90347D4726F5965800B09138 /* QuestionsViewController.xib in Resources */ = {isa = PBXBuildFile; fileRef = 90347D4526F5965800B09138 /* QuestionsViewController.xib */; };
/* End PBXBuildFile section */

/* Begin PBXFileReference section */
		90141D6126F65F960096F5BC /* InicioViewController.swift */ = {isa = PBXFileReference; lastKnownFileType = sourcecode.swift; path = InicioViewController.swift; sourceTree = "<group>"; };
		90141D6226F65F960096F5BC /* InicioViewController.xib */ = {isa = PBXFileReference; lastKnownFileType = file.xib; path = InicioViewController.xib; sourceTree = "<group>"; };
		90141D6726F67C2A0096F5BC /* RespostasCell.swift */ = {isa = PBXFileReference; lastKnownFileType = sourcecode.swift; path = RespostasCell.swift; sourceTree = "<group>"; };
		90141D6826F67C2A0096F5BC /* RespostasCell.xib */ = {isa = PBXFileReference; lastKnownFileType = file.xib; path = RespostasCell.xib; sourceTree = "<group>"; };
		90141D6C26F680100096F5BC /* QuestionModel.swift */ = {isa = PBXFileReference; lastKnownFileType = sourcecode.swift; path = QuestionModel.swift; sourceTree = "<group>"; };
		90347D2426F58D5600B09138 /* perguntasRespostas.app */ = {isa = PBXFileReference; explicitFileType = wrapper.application; includeInIndex = 0; path = perguntasRespostas.app; sourceTree = BUILT_PRODUCTS_DIR; };
		90347D2726F58D5600B09138 /* AppDelegate.swift */ = {isa = PBXFileReference; lastKnownFileType = sourcecode.swift; path = AppDelegate.swift; sourceTree = "<group>"; };
		90347D2E26F58D5600B09138 /* Base */ = {isa = PBXFileReference; lastKnownFileType = file.storyboard; name = Base; path = Base.lproj/Main.storyboard; sourceTree = "<group>"; };
		90347D3126F58D5600B09138 /* perguntasRespostas.xcdatamodel */ = {isa = PBXFileReference; lastKnownFileType = wrapper.xcdatamodel; path = perguntasRespostas.xcdatamodel; sourceTree = "<group>"; };
		90347D3326F58D5E00B09138 /* Assets.xcassets */ = {isa = PBXFileReference; lastKnownFileType = folder.assetcatalog; path = Assets.xcassets; sourceTree = "<group>"; };
		90347D3626F58D5E00B09138 /* Base */ = {isa = PBXFileReference; lastKnownFileType = file.storyboard; name = Base; path = Base.lproj/LaunchScreen.storyboard; sourceTree = "<group>"; };
		90347D3826F58D5E00B09138 /* Info.plist */ = {isa = PBXFileReference; lastKnownFileType = text.plist.xml; path = Info.plist; sourceTree = "<group>"; };
		90347D4426F5965800B09138 /* QuestionsViewController.swift */ = {isa = PBXFileReference; lastKnownFileType = sourcecode.swift; path = QuestionsViewController.swift; sourceTree = "<group>"; };
		90347D4526F5965800B09138 /* QuestionsViewController.xib */ = {isa = PBXFileReference; lastKnownFileType = file.xib; path = QuestionsViewController.xib; sourceTree = "<group>"; };
/* End PBXFileReference section */

/* Begin PBXFrameworksBuildPhase section */
		90347D2126F58D5600B09138 /* Frameworks */ = {
			isa = PBXFrameworksBuildPhase;
			buildActionMask = 2147483647;
			files = (
			);
			runOnlyForDeploymentPostprocessing = 0;
		};
/* End PBXFrameworksBuildPhase section */

/* Begin PBXGroup section */
		90141D6026F65F6A0096F5BC /* Inicio */ = {
			isa = PBXGroup;
			children = (
				90141D6126F65F960096F5BC /* InicioViewController.swift */,
				90141D6226F65F960096F5BC /* InicioViewController.xib */,
			);
			path = Inicio;
			sourceTree = "<group>";
		};
		90141D6526F67BC90096F5BC /* View */ = {
			isa = PBXGroup;
			children = (
				90141D6626F67BD20096F5BC /* Cells */,
			);
			path = View;
			sourceTree = "<group>";
		};
		90141D6626F67BD20096F5BC /* Cells */ = {
			isa = PBXGroup;
			children = (
				90141D6726F67C2A0096F5BC /* RespostasCell.swift */,
				90141D6826F67C2A0096F5BC /* RespostasCell.xib */,
			);
			path = Cells;
			sourceTree = "<group>";
		};
		90141D6B26F67FB90096F5BC /* Model */ = {
			isa = PBXGroup;
			children = (
				90141D6C26F680100096F5BC /* QuestionModel.swift */,
			);
			path = Model;
			sourceTree = "<group>";
		};
		90347D1B26F58D5600B09138 = {
			isa = PBXGroup;
			children = (
				90347D2626F58D5600B09138 /* perguntasRespostas */,
				90347D2526F58D5600B09138 /* Products */,
			);
			sourceTree = "<group>";
		};
		90347D2526F58D5600B09138 /* Products */ = {
			isa = PBXGroup;
			children = (
				90347D2426F58D5600B09138 /* perguntasRespostas.app */,
			);
			name = Products;
			sourceTree = "<group>";
		};
		90347D2626F58D5600B09138 /* perguntasRespostas */ = {
			isa = PBXGroup;
			children = (
				90347D3F26F58DC300B09138 /* Commoms */,
				90347D3E26F58DC100B09138 /* Scenes */,
				90347D4026F58DC500B09138 /* Sources */,
				90347D4126F58DC700B09138 /* Resources */,
				90347D3026F58D5600B09138 /* perguntasRespostas.xcdatamodeld */,
			);
			path = perguntasRespostas;
			sourceTree = "<group>";
		};
		90347D3E26F58DC100B09138 /* Scenes */ = {
			isa = PBXGroup;
			children = (
				90141D6026F65F6A0096F5BC /* Inicio */,
				90347D4326F58E4D00B09138 /* Questions */,
			);
			path = Scenes;
			sourceTree = "<group>";
		};
		90347D3F26F58DC300B09138 /* Commoms */ = {
			isa = PBXGroup;
			children = (
			);
			path = Commoms;
			sourceTree = "<group>";
		};
		90347D4026F58DC500B09138 /* Sources */ = {
			isa = PBXGroup;
			children = (
				90347D2726F58D5600B09138 /* AppDelegate.swift */,
			);
			path = Sources;
			sourceTree = "<group>";
		};
		90347D4126F58DC700B09138 /* Resources */ = {
			isa = PBXGroup;
			children = (
				90347D3526F58D5E00B09138 /* LaunchScreen.storyboard */,
				90347D3326F58D5E00B09138 /* Assets.xcassets */,
				90347D2D26F58D5600B09138 /* Main.storyboard */,
				90347D3826F58D5E00B09138 /* Info.plist */,
			);
			path = Resources;
			sourceTree = "<group>";
		};
		90347D4326F58E4D00B09138 /* Questions */ = {
			isa = PBXGroup;
			children = (
				90141D6B26F67FB90096F5BC /* Model */,
				90347D4426F5965800B09138 /* QuestionsViewController.swift */,
				90347D4526F5965800B09138 /* QuestionsViewController.xib */,
				90141D6526F67BC90096F5BC /* View */,
			);
			path = Questions;
			sourceTree = "<group>";
		};
/* End PBXGroup section */

/* Begin PBXNativeTarget section */
		90347D2326F58D5600B09138 /* perguntasRespostas */ = {
			isa = PBXNativeTarget;
			buildConfigurationList = 90347D3B26F58D5E00B09138 /* Build configuration list for PBXNativeTarget "perguntasRespostas" */;
			buildPhases = (
				90347D2026F58D5600B09138 /* Sources */,
				90347D2126F58D5600B09138 /* Frameworks */,
				90347D2226F58D5600B09138 /* Resources */,
			);
			buildRules = (
			);
			dependencies = (
			);
			name = perguntasRespostas;
			productName = perguntasRespostas;
			productReference = 90347D2426F58D5600B09138 /* perguntasRespostas.app */;
			productType = "com.apple.product-type.application";
		};
/* End PBXNativeTarget section */

/* Begin PBXProject section */
		90347D1C26F58D5600B09138 /* Project object */ = {
			isa = PBXProject;
			attributes = {
				LastSwiftUpdateCheck = 1170;
				LastUpgradeCheck = 1170;
				ORGANIZATIONNAME = "Leonardo Cunha";
				TargetAttributes = {
					90347D2326F58D5600B09138 = {
						CreatedOnToolsVersion = 11.7;
					};
				};
			};
			buildConfigurationList = 90347D1F26F58D5600B09138 /* Build configuration list for PBXProject "perguntasRespostas" */;
			compatibilityVersion = "Xcode 9.3";
			developmentRegion = en;
			hasScannedForEncodings = 0;
			knownRegions = (
				en,
				Base,
			);
			mainGroup = 90347D1B26F58D5600B09138;
			productRefGroup = 90347D2526F58D5600B09138 /* Products */;
			projectDirPath = "";
			projectRoot = "";
			targets = (
				90347D2326F58D5600B09138 /* perguntasRespostas */,
			);
		};
/* End PBXProject section */

/* Begin PBXResourcesBuildPhase section */
		90347D2226F58D5600B09138 /* Resources */ = {
			isa = PBXResourcesBuildPhase;
			buildActionMask = 2147483647;
			files = (
				90347D3726F58D5E00B09138 /* LaunchScreen.storyboard in Resources */,
				90347D3426F58D5E00B09138 /* Assets.xcassets in Resources */,
				90141D6A26F67C2A0096F5BC /* RespostasCell.xib in Resources */,
				90347D4726F5965800B09138 /* QuestionsViewController.xib in Resources */,
				90347D2F26F58D5600B09138 /* Main.storyboard in Resources */,
				90141D6426F65F960096F5BC /* InicioViewController.xib in Resources */,
			);
			runOnlyForDeploymentPostprocessing = 0;
		};
/* End PBXResourcesBuildPhase section */

/* Begin PBXSourcesBuildPhase section */
		90347D2026F58D5600B09138 /* Sources */ = {
			isa = PBXSourcesBuildPhase;
			buildActionMask = 2147483647;
			files = (
				90347D3226F58D5600B09138 /* perguntasRespostas.xcdatamodeld in Sources */,
				90141D6926F67C2A0096F5BC /* RespostasCell.swift in Sources */,
				90347D2826F58D5600B09138 /* AppDelegate.swift in Sources */,
				90141D6D26F680100096F5BC /* QuestionModel.swift in Sources */,
				90347D4626F5965800B09138 /* QuestionsViewController.swift in Sources */,
				90141D6326F65F960096F5BC /* InicioViewController.swift in Sources */,
			);
			runOnlyForDeploymentPostprocessing = 0;
		};
/* End PBXSourcesBuildPhase section */

/* Begin PBXVariantGroup section */
		90347D2D26F58D5600B09138 /* Main.storyboard */ = {
			isa = PBXVariantGroup;
			children = (
				90347D2E26F58D5600B09138 /* Base */,
			);
			name = Main.storyboard;
			sourceTree = "<group>";
		};
		90347D3526F58D5E00B09138 /* LaunchScreen.storyboard */ = {
			isa = PBXVariantGroup;
			children = (
				90347D3626F58D5E00B09138 /* Base */,
			);
			name = LaunchScreen.storyboard;
			sourceTree = "<group>";
		};
/* End PBXVariantGroup section */

/* Begin XCBuildConfiguration section */
		90347D3926F58D5E00B09138 /* Debug */ = {
			isa = XCBuildConfiguration;
			buildSettings = {
				ALWAYS_SEARCH_USER_PATHS = NO;
				CLANG_ANALYZER_NONNULL = YES;
				CLANG_ANALYZER_NUMBER_OBJECT_CONVERSION = YES_AGGRESSIVE;
				CLANG_CXX_LANGUAGE_STANDARD = "gnu++14";
				CLANG_CXX_LIBRARY = "libc++";
				CLANG_ENABLE_MODULES = YES;
				CLANG_ENABLE_OBJC_ARC = YES;
				CLANG_ENABLE_OBJC_WEAK = YES;
				CLANG_WARN_BLOCK_CAPTURE_AUTORELEASING = YES;
				CLANG_WARN_BOOL_CONVERSION = YES;
				CLANG_WARN_COMMA = YES;
				CLANG_WARN_CONSTANT_CONVERSION = YES;
				CLANG_WARN_DEPRECATED_OBJC_IMPLEMENTATIONS = YES;
				CLANG_WARN_DIRECT_OBJC_ISA_USAGE = YES_ERROR;
				CLANG_WARN_DOCUMENTATION_COMMENTS = YES;
				CLANG_WARN_EMPTY_BODY = YES;
				CLANG_WARN_ENUM_CONVERSION = YES;
				CLANG_WARN_INFINITE_RECURSION = YES;
				CLANG_WARN_INT_CONVERSION = YES;
				CLANG_WARN_NON_LITERAL_NULL_CONVERSION = YES;
				CLANG_WARN_OBJC_IMPLICIT_RETAIN_SELF = YES;
				CLANG_WARN_OBJC_LITERAL_CONVERSION = YES;
				CLANG_WARN_OBJC_ROOT_CLASS = YES_ERROR;
				CLANG_WARN_RANGE_LOOP_ANALYSIS = YES;
				CLANG_WARN_STRICT_PROTOTYPES = YES;
				CLANG_WARN_SUSPICIOUS_MOVE = YES;
				CLANG_WARN_UNGUARDED_AVAILABILITY = YES_AGGRESSIVE;
				CLANG_WARN_UNREACHABLE_CODE = YES;
				CLANG_WARN__DUPLICATE_METHOD_MATCH = YES;
				COPY_PHASE_STRIP = NO;
				DEBUG_INFORMATION_FORMAT = dwarf;
				ENABLE_STRICT_OBJC_MSGSEND = YES;
				ENABLE_TESTABILITY = YES;
				GCC_C_LANGUAGE_STANDARD = gnu11;
				GCC_DYNAMIC_NO_PIC = NO;
				GCC_NO_COMMON_BLOCKS = YES;
				GCC_OPTIMIZATION_LEVEL = 0;
				GCC_PREPROCESSOR_DEFINITIONS = (
					"DEBUG=1",
					"$(inherited)",
				);
				GCC_WARN_64_TO_32_BIT_CONVERSION = YES;
				GCC_WARN_ABOUT_RETURN_TYPE = YES_ERROR;
				GCC_WARN_UNDECLARED_SELECTOR = YES;
				GCC_WARN_UNINITIALIZED_AUTOS = YES_AGGRESSIVE;
				GCC_WARN_UNUSED_FUNCTION = YES;
				GCC_WARN_UNUSED_VARIABLE = YES;
				IPHONEOS_DEPLOYMENT_TARGET = 13.7;
				MTL_ENABLE_DEBUG_INFO = INCLUDE_SOURCE;
				MTL_FAST_MATH = YES;
				ONLY_ACTIVE_ARCH = YES;
				SDKROOT = iphoneos;
				SWIFT_ACTIVE_COMPILATION_CONDITIONS = DEBUG;
				SWIFT_OPTIMIZATION_LEVEL = "-Onone";
			};
			name = Debug;
		};
		90347D3A26F58D5E00B09138 /* Release */ = {
			isa = XCBuildConfiguration;
			buildSettings = {
				ALWAYS_SEARCH_USER_PATHS = NO;
				CLANG_ANALYZER_NONNULL = YES;
				CLANG_ANALYZER_NUMBER_OBJECT_CONVERSION = YES_AGGRESSIVE;
				CLANG_CXX_LANGUAGE_STANDARD = "gnu++14";
				CLANG_CXX_LIBRARY = "libc++";
				CLANG_ENABLE_MODULES = YES;
				CLANG_ENABLE_OBJC_ARC = YES;
				CLANG_ENABLE_OBJC_WEAK = YES;
				CLANG_WARN_BLOCK_CAPTURE_AUTORELEASING = YES;
				CLANG_WARN_BOOL_CONVERSION = YES;
				CLANG_WARN_COMMA = YES;
				CLANG_WARN_CONSTANT_CONVERSION = YES;
				CLANG_WARN_DEPRECATED_OBJC_IMPLEMENTATIONS = YES;
				CLANG_WARN_DIRECT_OBJC_ISA_USAGE = YES_ERROR;
				CLANG_WARN_DOCUMENTATION_COMMENTS = YES;
				CLANG_WARN_EMPTY_BODY = YES;
				CLANG_WARN_ENUM_CONVERSION = YES;
				CLANG_WARN_INFINITE_RECURSION = YES;
				CLANG_WARN_INT_CONVERSION = YES;
				CLANG_WARN_NON_LITERAL_NULL_CONVERSION = YES;
				CLANG_WARN_OBJC_IMPLICIT_RETAIN_SELF = YES;
				CLANG_WARN_OBJC_LITERAL_CONVERSION = YES;
				CLANG_WARN_OBJC_ROOT_CLASS = YES_ERROR;
				CLANG_WARN_RANGE_LOOP_ANALYSIS = YES;
				CLANG_WARN_STRICT_PROTOTYPES = YES;
				CLANG_WARN_SUSPICIOUS_MOVE = YES;
				CLANG_WARN_UNGUARDED_AVAILABILITY = YES_AGGRESSIVE;
				CLANG_WARN_UNREACHABLE_CODE = YES;
				CLANG_WARN__DUPLICATE_METHOD_MATCH = YES;
				COPY_PHASE_STRIP = NO;
				DEBUG_INFORMATION_FORMAT = "dwarf-with-dsym";
				ENABLE_NS_ASSERTIONS = NO;
				ENABLE_STRICT_OBJC_MSGSEND = YES;
				GCC_C_LANGUAGE_STANDARD = gnu11;
				GCC_NO_COMMON_BLOCKS = YES;
				GCC_WARN_64_TO_32_BIT_CONVERSION = YES;
				GCC_WARN_ABOUT_RETURN_TYPE = YES_ERROR;
				GCC_WARN_UNDECLARED_SELECTOR = YES;
				GCC_WARN_UNINITIALIZED_AUTOS = YES_AGGRESSIVE;
				GCC_WARN_UNUSED_FUNCTION = YES;
				GCC_WARN_UNUSED_VARIABLE = YES;
				IPHONEOS_DEPLOYMENT_TARGET = 13.7;
				MTL_ENABLE_DEBUG_INFO = NO;
				MTL_FAST_MATH = YES;
				SDKROOT = iphoneos;
				SWIFT_COMPILATION_MODE = wholemodule;
				SWIFT_OPTIMIZATION_LEVEL = "-O";
				VALIDATE_PRODUCT = YES;
			};
			name = Release;
		};
		90347D3C26F58D5E00B09138 /* Debug */ = {
			isa = XCBuildConfiguration;
			buildSettings = {
				ASSETCATALOG_COMPILER_APPICON_NAME = AppIcon;
				CODE_SIGN_STYLE = Automatic;
				DEVELOPMENT_TEAM = UYU42XWBK4;
				INFOPLIST_FILE = perguntasRespostas/Resources/Info.plist;
				IPHONEOS_DEPLOYMENT_TARGET = 11.0;
				LD_RUNPATH_SEARCH_PATHS = (
					"$(inherited)",
					"@executable_path/Frameworks",
				);
				PRODUCT_BUNDLE_IDENTIFIER = com.aprendendo.perguntasRespostas;
				PRODUCT_NAME = "$(TARGET_NAME)";
				SWIFT_VERSION = 5.0;
				TARGETED_DEVICE_FAMILY = 1;
			};
			name = Debug;
		};
		90347D3D26F58D5E00B09138 /* Release */ = {
			isa = XCBuildConfiguration;
			buildSettings = {
				ASSETCATALOG_COMPILER_APPICON_NAME = AppIcon;
				CODE_SIGN_STYLE = Automatic;
				DEVELOPMENT_TEAM = UYU42XWBK4;
				INFOPLIST_FILE = perguntasRespostas/Resources/Info.plist;
				IPHONEOS_DEPLOYMENT_TARGET = 11.0;
				LD_RUNPATH_SEARCH_PATHS = (
					"$(inherited)",
					"@executable_path/Frameworks",
				);
				PRODUCT_BUNDLE_IDENTIFIER = com.aprendendo.perguntasRespostas;
				PRODUCT_NAME = "$(TARGET_NAME)";
				SWIFT_VERSION = 5.0;
				TARGETED_DEVICE_FAMILY = 1;
			};
			name = Release;
		};
/* End XCBuildConfiguration section */

/* Begin XCConfigurationList section */
		90347D1F26F58D5600B09138 /* Build configuration list for PBXProject "perguntasRespostas" */ = {
			isa = XCConfigurationList;
			buildConfigurations = (
				90347D3926F58D5E00B09138 /* Debug */,
				90347D3A26F58D5E00B09138 /* Release */,
			);
			defaultConfigurationIsVisible = 0;
			defaultConfigurationName = Release;
		};
		90347D3B26F58D5E00B09138 /* Build configuration list for PBXNativeTarget "perguntasRespostas" */ = {
			isa = XCConfigurationList;
			buildConfigurations = (
				90347D3C26F58D5E00B09138 /* Debug */,
				90347D3D26F58D5E00B09138 /* Release */,
			);
			defaultConfigurationIsVisible = 0;
			defaultConfigurationName = Release;
		};
/* End XCConfigurationList section */

/* Begin XCVersionGroup section */
		90347D3026F58D5600B09138 /* perguntasRespostas.xcdatamodeld */ = {
			isa = XCVersionGroup;
			children = (
				90347D3126F58D5600B09138 /* perguntasRespostas.xcdatamodel */,
			);
			currentVersion = 90347D3126F58D5600B09138 /* perguntasRespostas.xcdatamodel */;
			path = perguntasRespostas.xcdatamodeld;
			sourceTree = "<group>";
			versionGroupType = wrapper.xcdatamodel;
		};
/* End XCVersionGroup section */
	};
	rootObject = 90347D1C26F58D5600B09138 /* Project object */;
}
